{
  "name": "agent-fleet-brain",
  "version": "0.1.0",
  "lockfileVersion": 3,
  "requires": true,
  "packages": {
    "": {
      "name": "agent-fleet-brain",
      "version": "0.1.0",
      "dependencies": {
        "dynamic-agent-specialisation": "file:../Dynamic Agent Specialisation"
      },
      "engines": {
        "node": ">=24.0.0"
      }
    },
    "../Dynamic Agent Specialisation": {
      "name": "dynamic-agent-specialisation",
      "version": "0.1.0",
      "dependencies": {
        "gsap": "^3.15.0"
      },
      "engines": {
        "node": ">=24.0.0"
      }
    },
    "node_modules/dynamic-agent-specialisation": {
      "resolved": "../Dynamic Agent Specialisation",
      "link": true
    }
  }
}
